
Microsoft Visual Studio Solution File, Format Version 12.00
# Visual Studio 15
VisualStudioVersion = 15.0.28307.902
MinimumVisualStudioVersion = 10.0.40219.1
Project("{FAE04EC0-301F-11D3-BF4B-00C04F79EFBC}") = "EFModel", "EntityFramework\EFModel.csproj", "{A9F9A9B9-590A-49E0-BD09-A4E2C559EBDA}"
EndProject
Project("{FAE04EC0-301F-11D3-BF4B-00C04F79EFBC}") = "EFModelTests", "EFModelTests\EFModelTests.csproj", "{32B78765-BFC0-4C43-949F-53A11A425613}"
EndProject
Global
	GlobalSection(SolutionConfigurationPlatforms) = preSolution
		Debug|Any CPU = Debug|Any CPU
		Release|Any CPU = Release|Any CPU
	EndGlobalSection
	GlobalSection(ProjectConfigurationPlatforms) = postSolution
		{A9F9A9B9-590A-49E0-BD09-A4E2C559EBDA}.Debug|Any CPU.ActiveCfg = Debug|Any CPU
		{A9F9A9B9-590A-49E0-BD09-A4E2C559EBDA}.Debug|Any CPU.Build.0 = Debug|Any CPU
		{A9F9A9B9-590A-49E0-BD09-A4E2C559EBDA}.Release|Any CPU.ActiveCfg = Release|Any CPU
		{A9F9A9B9-590A-49E0-BD09-A4E2C559EBDA}.Release|Any CPU.Build.0 = Release|Any CPU
		{32B78765-BFC0-4C43-949F-53A11A425613}.Debug|Any CPU.ActiveCfg = Debug|Any CPU
		{32B78765-BFC0-4C43-949F-53A11A425613}.Debug|Any CPU.Build.0 = Debug|Any CPU
		{32B78765-BFC0-4C43-949F-53A11A425613}.Release|Any CPU.ActiveCfg = Release|Any CPU
		{32B78765-BFC0-4C43-949F-53A11A425613}.Release|Any CPU.Build.0 = Release|Any CPU
	EndGlobalSection
	GlobalSection(SolutionProperties) = preSolution
		HideSolutionNode = FALSE
	EndGlobalSection
	GlobalSection(ExtensibilityGlobals) = postSolution
		SolutionGuid = {92B7366F-3F93-4EA4-AF85-9D2FB6595CEB}
	EndGlobalSection
EndGlobal
