
Microsoft Visual Studio Solution File, Format Version 12.00
# Visual Studio 15
VisualStudioVersion = 15.0.28307.1000
MinimumVisualStudioVersion = 10.0.40219.1
Project("{FAE04EC0-301F-11D3-BF4B-00C04F79EFBC}") = "RoslynCodeAnalize", "RoslynCodeAnalize\RoslynCodeAnalize\RoslynCodeAnalize.csproj", "{ED73D214-E02A-4B03-965D-E6DF859B476C}"
EndProject
Project("{FAE04EC0-301F-11D3-BF4B-00C04F79EFBC}") = "RoslynCodeAnalize.Vsix", "RoslynCodeAnalize\RoslynCodeAnalize.Vsix\RoslynCodeAnalize.Vsix.csproj", "{D050B7BC-5DE2-43F0-A4CB-5BB046913C49}"
EndProject
Global
	GlobalSection(SolutionConfigurationPlatforms) = preSolution
		Debug|Any CPU = Debug|Any CPU
		Release|Any CPU = Release|Any CPU
	EndGlobalSection
	GlobalSection(ProjectConfigurationPlatforms) = postSolution
		{ED73D214-E02A-4B03-965D-E6DF859B476C}.Debug|Any CPU.ActiveCfg = Debug|Any CPU
		{ED73D214-E02A-4B03-965D-E6DF859B476C}.Debug|Any CPU.Build.0 = Debug|Any CPU
		{ED73D214-E02A-4B03-965D-E6DF859B476C}.Release|Any CPU.ActiveCfg = Release|Any CPU
		{ED73D214-E02A-4B03-965D-E6DF859B476C}.Release|Any CPU.Build.0 = Release|Any CPU
		{D050B7BC-5DE2-43F0-A4CB-5BB046913C49}.Debug|Any CPU.ActiveCfg = Debug|Any CPU
		{D050B7BC-5DE2-43F0-A4CB-5BB046913C49}.Debug|Any CPU.Build.0 = Debug|Any CPU
		{D050B7BC-5DE2-43F0-A4CB-5BB046913C49}.Release|Any CPU.ActiveCfg = Release|Any CPU
		{D050B7BC-5DE2-43F0-A4CB-5BB046913C49}.Release|Any CPU.Build.0 = Release|Any CPU
	EndGlobalSection
	GlobalSection(SolutionProperties) = preSolution
		HideSolutionNode = FALSE
	EndGlobalSection
	GlobalSection(ExtensibilityGlobals) = postSolution
		SolutionGuid = {91B8BB32-5E91-4274-8197-F66E3A2171B6}
	EndGlobalSection
EndGlobal
