
Microsoft Visual Studio Solution File, Format Version 12.00
# Visual Studio 15
VisualStudioVersion = 15.0.28307.902
MinimumVisualStudioVersion = 10.0.40219.1
Project("{FAE04EC0-301F-11D3-BF4B-00C04F79EFBC}") = "FileWatcher", "FileWatcher\FileWatcher.csproj", "{909BCE4E-4EEE-4F18-9CFB-28BBE85A019D}"
EndProject
Project("{FAE04EC0-301F-11D3-BF4B-00C04F79EFBC}") = "NUnitTestProject1", "NUnitTestProject1\NUnitTestProject1.csproj", "{72E6D370-C134-4C01-86C2-0F51AE99E1B9}"
EndProject
Global
	GlobalSection(SolutionConfigurationPlatforms) = preSolution
		Debug|Any CPU = Debug|Any CPU
		Release|Any CPU = Release|Any CPU
	EndGlobalSection
	GlobalSection(ProjectConfigurationPlatforms) = postSolution
		{909BCE4E-4EEE-4F18-9CFB-28BBE85A019D}.Debug|Any CPU.ActiveCfg = Debug|Any CPU
		{909BCE4E-4EEE-4F18-9CFB-28BBE85A019D}.Debug|Any CPU.Build.0 = Debug|Any CPU
		{909BCE4E-4EEE-4F18-9CFB-28BBE85A019D}.Release|Any CPU.ActiveCfg = Release|Any CPU
		{909BCE4E-4EEE-4F18-9CFB-28BBE85A019D}.Release|Any CPU.Build.0 = Release|Any CPU
		{72E6D370-C134-4C01-86C2-0F51AE99E1B9}.Debug|Any CPU.ActiveCfg = Debug|Any CPU
		{72E6D370-C134-4C01-86C2-0F51AE99E1B9}.Debug|Any CPU.Build.0 = Debug|Any CPU
		{72E6D370-C134-4C01-86C2-0F51AE99E1B9}.Release|Any CPU.ActiveCfg = Release|Any CPU
		{72E6D370-C134-4C01-86C2-0F51AE99E1B9}.Release|Any CPU.Build.0 = Release|Any CPU
	EndGlobalSection
	GlobalSection(SolutionProperties) = preSolution
		HideSolutionNode = FALSE
	EndGlobalSection
	GlobalSection(ExtensibilityGlobals) = postSolution
		SolutionGuid = {3B09554D-5AE7-44F1-BBE6-D5EC475B5643}
	EndGlobalSection
EndGlobal
